// !$*UTF8*$!
{
	archiveVersion = 1;
	classes = {
	};
	objectVersion = 50;
	objects = {

/* Begin PBXBuildFile section */
		A1990C8223A3B091001779F4 /* AppDelegate.swift in Sources */ = {isa = PBXBuildFile; fileRef = A1990C8123A3B091001779F4 /* AppDelegate.swift */; };
		A1990C8423A3B091001779F4 /* SceneDelegate.swift in Sources */ = {isa = PBXBuildFile; fileRef = A1990C8323A3B091001779F4 /* SceneDelegate.swift */; };
		A1990C8623A3B091001779F4 /* ViewController.swift in Sources */ = {isa = PBXBuildFile; fileRef = A1990C8523A3B091001779F4 /* ViewController.swift */; };
		A1990C8923A3B091001779F4 /* Main.storyboard in Resources */ = {isa = PBXBuildFile; fileRef = A1990C8723A3B091001779F4 /* Main.storyboard */; };
		A1990C8B23A3B094001779F4 /* Assets.xcassets in Resources */ = {isa = PBXBuildFile; fileRef = A1990C8A23A3B094001779F4 /* Assets.xcassets */; };
		A1990C8E23A3B094001779F4 /* LaunchScreen.storyboard in Resources */ = {isa = PBXBuildFile; fileRef = A1990C8C23A3B094001779F4 /* LaunchScreen.storyboard */; };
		A1990C9923A3B094001779F4 /* UIActivityIndicatorViewSwiftTests.swift in Sources */ = {isa = PBXBuildFile; fileRef = A1990C9823A3B094001779F4 /* UIActivityIndicatorViewSwiftTests.swift */; };
		A1990CA423A3B094001779F4 /* UIActivityIndicatorViewSwiftUITests.swift in Sources */ = {isa = PBXBuildFile; fileRef = A1990CA323A3B094001779F4 /* UIActivityIndicatorViewSwiftUITests.swift */; };
/* End PBXBuildFile section */

/* Begin PBXContainerItemProxy section */
		A1990C9523A3B094001779F4 /* PBXContainerItemProxy */ = {
			isa = PBXContainerItemProxy;
			containerPortal = A1990C7623A3B091001779F4 /* Project object */;
			proxyType = 1;
			remoteGlobalIDString = A1990C7D23A3B091001779F4;
			remoteInfo = UIActivityIndicatorViewSwift;
		};
		A1990CA023A3B094001779F4 /* PBXContainerItemProxy */ = {
			isa = PBXContainerItemProxy;
			containerPortal = A1990C7623A3B091001779F4 /* Project object */;
			proxyType = 1;
			remoteGlobalIDString = A1990C7D23A3B091001779F4;
			remoteInfo = UIActivityIndicatorViewSwift;
		};
/* End PBXContainerItemProxy section */

/* Begin PBXFileReference section */
		A1990C7E23A3B091001779F4 /* UIActivityIndicatorViewSwift.app */ = {isa = PBXFileReference; explicitFileType = wrapper.application; includeInIndex = 0; path = UIActivityIndicatorViewSwift.app; sourceTree = BUILT_PRODUCTS_DIR; };
		A1990C8123A3B091001779F4 /* AppDelegate.swift */ = {isa = PBXFileReference; lastKnownFileType = sourcecode.swift; path = AppDelegate.swift; sourceTree = "<group>"; };
		A1990C8323A3B091001779F4 /* SceneDelegate.swift */ = {isa = PBXFileReference; lastKnownFileType = sourcecode.swift; path = SceneDelegate.swift; sourceTree = "<group>"; };
		A1990C8523A3B091001779F4 /* ViewController.swift */ = {isa = PBXFileReference; lastKnownFileType = sourcecode.swift; path = ViewController.swift; sourceTree = "<group>"; };
		A1990C8823A3B091001779F4 /* Base */ = {isa = PBXFileReference; lastKnownFileType = file.storyboard; name = Base; path = Base.lproj/Main.storyboard; sourceTree = "<group>"; };
		A1990C8A23A3B094001779F4 /* Assets.xcassets */ = {isa = PBXFileReference; lastKnownFileType = folder.assetcatalog; path = Assets.xcassets; sourceTree = "<group>"; };
		A1990C8D23A3B094001779F4 /* Base */ = {isa = PBXFileReference; lastKnownFileType = file.storyboard; name = Base; path = Base.lproj/LaunchScreen.storyboard; sourceTree = "<group>"; };
		A1990C8F23A3B094001779F4 /* Info.plist */ = {isa = PBXFileReference; lastKnownFileType = text.plist.xml; path = Info.plist; sourceTree = "<group>"; };
		A1990C9423A3B094001779F4 /* UIActivityIndicatorViewSwiftTests.xctest */ = {isa = PBXFileReference; explicitFileType = wrapper.cfbundle; includeInIndex = 0; path = UIActivityIndicatorViewSwiftTests.xctest; sourceTree = BUILT_PRODUCTS_DIR; };
		A1990C9823A3B094001779F4 /* UIActivityIndicatorViewSwiftTests.swift */ = {isa = PBXFileReference; lastKnownFileType = sourcecode.swift; path = UIActivityIndicatorViewSwiftTests.swift; sourceTree = "<group>"; };
		A1990C9A23A3B094001779F4 /* Info.plist */ = {isa = PBXFileReference; lastKnownFileType = text.plist.xml; path = Info.plist; sourceTree = "<group>"; };
		A1990C9F23A3B094001779F4 /* UIActivityIndicatorViewSwiftUITests.xctest */ = {isa = PBXFileReference; explicitFileType = wrapper.cfbundle; includeInIndex = 0; path = UIActivityIndicatorViewSwiftUITests.xctest; sourceTree = BUILT_PRODUCTS_DIR; };
		A1990CA323A3B094001779F4 /* UIActivityIndicatorViewSwiftUITests.swift */ = {isa = PBXFileReference; lastKnownFileType = sourcecode.swift; path = UIActivityIndicatorViewSwiftUITests.swift; sourceTree = "<group>"; };
		A1990CA523A3B094001779F4 /* Info.plist */ = {isa = PBXFileReference; lastKnownFileType = text.plist.xml; path = Info.plist; sourceTree = "<group>"; };
/* End PBXFileReference section */

/* Begin PBXFrameworksBuildPhase section */
		A1990C7B23A3B091001779F4 /* Frameworks */ = {
			isa = PBXFrameworksBuildPhase;
			buildActionMask = 2147483647;
			files = (
			);
			runOnlyForDeploymentPostprocessing = 0;
		};
		A1990C9123A3B094001779F4 /* Frameworks */ = {
			isa = PBXFrameworksBuildPhase;
			buildActionMask = 2147483647;
			files = (
			);
			runOnlyForDeploymentPostprocessing = 0;
		};
		A1990C9C23A3B094001779F4 /* Frameworks */ = {
			isa = PBXFrameworksBuildPhase;
			buildActionMask = 2147483647;
			files = (
			);
			runOnlyForDeploymentPostprocessing = 0;
		};
/* End PBXFrameworksBuildPhase section */

/* Begin PBXGroup section */
		A1990C7523A3B091001779F4 = {
			isa = PBXGroup;
			children = (
				A1990C8023A3B091001779F4 /* UIActivityIndicatorViewSwift */,
				A1990C9723A3B094001779F4 /* UIActivityIndicatorViewSwiftTests */,
				A1990CA223A3B094001779F4 /* UIActivityIndicatorViewSwiftUITests */,
				A1990C7F23A3B091001779F4 /* Products */,
			);
			sourceTree = "<group>";
		};
		A1990C7F23A3B091001779F4 /* Products */ = {
			isa = PBXGroup;
			children = (
				A1990C7E23A3B091001779F4 /* UIActivityIndicatorViewSwift.app */,
				A1990C9423A3B094001779F4 /* UIActivityIndicatorViewSwiftTests.xctest */,
				A1990C9F23A3B094001779F4 /* UIActivityIndicatorViewSwiftUITests.xctest */,
			);
			name = Products;
			sourceTree = "<group>";
		};
		A1990C8023A3B091001779F4 /* UIActivityIndicatorViewSwift */ = {
			isa = PBXGroup;
			children = (
				A1990C8123A3B091001779F4 /* AppDelegate.swift */,
				A1990C8323A3B091001779F4 /* SceneDelegate.swift */,
				A1990C8523A3B091001779F4 /* ViewController.swift */,
				A1990C8723A3B091001779F4 /* Main.storyboard */,
				A1990C8A23A3B094001779F4 /* Assets.xcassets */,
				A1990C8C23A3B094001779F4 /* LaunchScreen.storyboard */,
				A1990C8F23A3B094001779F4 /* Info.plist */,
			);
			path = UIActivityIndicatorViewSwift;
			sourceTree = "<group>";
		};
		A1990C9723A3B094001779F4 /* UIActivityIndicatorViewSwiftTests */ = {
			isa = PBXGroup;
			children = (
				A1990C9823A3B094001779F4 /* UIActivityIndicatorViewSwiftTests.swift */,
				A1990C9A23A3B094001779F4 /* Info.plist */,
			);
			path = UIActivityIndicatorViewSwiftTests;
			sourceTree = "<group>";
		};
		A1990CA223A3B094001779F4 /* UIActivityIndicatorViewSwiftUITests */ = {
			isa = PBXGroup;
			children = (
				A1990CA323A3B094001779F4 /* UIActivityIndicatorViewSwiftUITests.swift */,
				A1990CA523A3B094001779F4 /* Info.plist */,
			);
			path = UIActivityIndicatorViewSwiftUITests;
			sourceTree = "<group>";
		};
/* End PBXGroup section */

/* Begin PBXNativeTarget section */
		A1990C7D23A3B091001779F4 /* UIActivityIndicatorViewSwift */ = {
			isa = PBXNativeTarget;
			buildConfigurationList = A1990CA823A3B094001779F4 /* Build configuration list for PBXNativeTarget "UIActivityIndicatorViewSwift" */;
			buildPhases = (
				A1990C7A23A3B091001779F4 /* Sources */,
				A1990C7B23A3B091001779F4 /* Frameworks */,
				A1990C7C23A3B091001779F4 /* Resources */,
			);
			buildRules = (
			);
			dependencies = (
			);
			name = UIActivityIndicatorViewSwift;
			productName = UIActivityIndicatorViewSwift;
			productReference = A1990C7E23A3B091001779F4 /* UIActivityIndicatorViewSwift.app */;
			productType = "com.apple.product-type.application";
		};
		A1990C9323A3B094001779F4 /* UIActivityIndicatorViewSwiftTests */ = {
			isa = PBXNativeTarget;
			buildConfigurationList = A1990CAB23A3B094001779F4 /* Build configuration list for PBXNativeTarget "UIActivityIndicatorViewSwiftTests" */;
			buildPhases = (
				A1990C9023A3B094001779F4 /* Sources */,
				A1990C9123A3B094001779F4 /* Frameworks */,
				A1990C9223A3B094001779F4 /* Resources */,
			);
			buildRules = (
			);
			dependencies = (
				A1990C9623A3B094001779F4 /* PBXTargetDependency */,
			);
			name = UIActivityIndicatorViewSwiftTests;
			productName = UIActivityIndicatorViewSwiftTests;
			productReference = A1990C9423A3B094001779F4 /* UIActivityIndicatorViewSwiftTests.xctest */;
			productType = "com.apple.product-type.bundle.unit-test";
		};
		A1990C9E23A3B094001779F4 /* UIActivityIndicatorViewSwiftUITests */ = {
			isa = PBXNativeTarget;
			buildConfigurationList = A1990CAE23A3B094001779F4 /* Build configuration list for PBXNativeTarget "UIActivityIndicatorViewSwiftUITests" */;
			buildPhases = (
				A1990C9B23A3B094001779F4 /* Sources */,
				A1990C9C23A3B094001779F4 /* Frameworks */,
				A1990C9D23A3B094001779F4 /* Resources */,
			);
			buildRules = (
			);
			dependencies = (
				A1990CA123A3B094001779F4 /* PBXTargetDependency */,
			);
			name = UIActivityIndicatorViewSwiftUITests;
			productName = UIActivityIndicatorViewSwiftUITests;
			productReference = A1990C9F23A3B094001779F4 /* UIActivityIndicatorViewSwiftUITests.xctest */;
			productType = "com.apple.product-type.bundle.ui-testing";
		};
/* End PBXNativeTarget section */

/* Begin PBXProject section */
		A1990C7623A3B091001779F4 /* Project object */ = {
			isa = PBXProject;
			attributes = {
				LastSwiftUpdateCheck = 1120;
				LastUpgradeCheck = 1120;
				ORGANIZATIONNAME = QuentinZang;
				TargetAttributes = {
					A1990C7D23A3B091001779F4 = {
						CreatedOnToolsVersion = 11.2.1;
					};
					A1990C9323A3B094001779F4 = {
						CreatedOnToolsVersion = 11.2.1;
						TestTargetID = A1990C7D23A3B091001779F4;
					};
					A1990C9E23A3B094001779F4 = {
						CreatedOnToolsVersion = 11.2.1;
						TestTargetID = A1990C7D23A3B091001779F4;
					};
				};
			};
			buildConfigurationList = A1990C7923A3B091001779F4 /* Build configuration list for PBXProject "UIActivityIndicatorViewSwift" */;
			compatibilityVersion = "Xcode 9.3";
			developmentRegion = en;
			hasScannedForEncodings = 0;
			knownRegions = (
				en,
				Base,
			);
			mainGroup = A1990C7523A3B091001779F4;
			productRefGroup = A1990C7F23A3B091001779F4 /* Products */;
			projectDirPath = "";
			projectRoot = "";
			targets = (
				A1990C7D23A3B091001779F4 /* UIActivityIndicatorViewSwift */,
				A1990C9323A3B094001779F4 /* UIActivityIndicatorViewSwiftTests */,
				A1990C9E23A3B094001779F4 /* UIActivityIndicatorViewSwiftUITests */,
			);
		};
/* End PBXProject section */

/* Begin PBXResourcesBuildPhase section */
		A1990C7C23A3B091001779F4 /* Resources */ = {
			isa = PBXResourcesBuildPhase;
			buildActionMask = 2147483647;
			files = (
				A1990C8E23A3B094001779F4 /* LaunchScreen.storyboard in Resources */,
				A1990C8B23A3B094001779F4 /* Assets.xcassets in Resources */,
				A1990C8923A3B091001779F4 /* Main.storyboard in Resources */,
			);
			runOnlyForDeploymentPostprocessing = 0;
		};
		A1990C9223A3B094001779F4 /* Resources */ = {
			isa = PBXResourcesBuildPhase;
			buildActionMask = 2147483647;
			files = (
			);
			runOnlyForDeploymentPostprocessing = 0;
		};
		A1990C9D23A3B094001779F4 /* Resources */ = {
			isa = PBXResourcesBuildPhase;
			buildActionMask = 2147483647;
			files = (
			);
			runOnlyForDeploymentPostprocessing = 0;
		};
/* End PBXResourcesBuildPhase section */

/* Begin PBXSourcesBuildPhase section */
		A1990C7A23A3B091001779F4 /* Sources */ = {
			isa = PBXSourcesBuildPhase;
			buildActionMask = 2147483647;
			files = (
				A1990C8623A3B091001779F4 /* ViewController.swift in Sources */,
				A1990C8223A3B091001779F4 /* AppDelegate.swift in Sources */,
				A1990C8423A3B091001779F4 /* SceneDelegate.swift in Sources */,
			);
			runOnlyForDeploymentPostprocessing = 0;
		};
		A1990C9023A3B094001779F4 /* Sources */ = {
			isa = PBXSourcesBuildPhase;
			buildActionMask = 2147483647;
			files = (
				A1990C9923A3B094001779F4 /* UIActivityIndicatorViewSwiftTests.swift in Sources */,
			);
			runOnlyForDeploymentPostprocessing = 0;
		};
		A1990C9B23A3B094001779F4 /* Sources */ = {
			isa = PBXSourcesBuildPhase;
			buildActionMask = 2147483647;
			files = (
				A1990CA423A3B094001779F4 /* UIActivityIndicatorViewSwiftUITests.swift in Sources */,
			);
			runOnlyForDeploymentPostprocessing = 0;
		};
/* End PBXSourcesBuildPhase section */

/* Begin PBXTargetDependency section */
		A1990C9623A3B094001779F4 /* PBXTargetDependency */ = {
			isa = PBXTargetDependency;
			target = A1990C7D23A3B091001779F4 /* UIActivityIndicatorViewSwift */;
			targetProxy = A1990C9523A3B094001779F4 /* PBXContainerItemProxy */;
		};
		A1990CA123A3B094001779F4 /* PBXTargetDependency */ = {
			isa = PBXTargetDependency;
			target = A1990C7D23A3B091001779F4 /* UIActivityIndicatorViewSwift */;
			targetProxy = A1990CA023A3B094001779F4 /* PBXContainerItemProxy */;
		};
/* End PBXTargetDependency section */

/* Begin PBXVariantGroup section */
		A1990C8723A3B091001779F4 /* Main.storyboard */ = {
			isa = PBXVariantGroup;
			children = (
				A1990C8823A3B091001779F4 /* Base */,
			);
			name = Main.storyboard;
			sourceTree = "<group>";
		};
		A1990C8C23A3B094001779F4 /* LaunchScreen.storyboard */ = {
			isa = PBXVariantGroup;
			children = (
				A1990C8D23A3B094001779F4 /* Base */,
			);
			name = LaunchScreen.storyboard;
			sourceTree = "<group>";
		};
/* End PBXVariantGroup section */

/* Begin XCBuildConfiguration section */
		A1990CA623A3B094001779F4 /* Debug */ = {
			isa = XCBuildConfiguration;
			buildSettings = {
				ALWAYS_SEARCH_USER_PATHS = NO;
				CLANG_ANALYZER_NONNULL = YES;
				CLANG_ANALYZER_NUMBER_OBJECT_CONVERSION = YES_AGGRESSIVE;
				CLANG_CXX_LANGUAGE_STANDARD = "gnu++14";
				CLANG_CXX_LIBRARY = "libc++";
				CLANG_ENABLE_MODULES = YES;
				CLANG_ENABLE_OBJC_ARC = YES;
				CLANG_ENABLE_OBJC_WEAK = YES;
				CLANG_WARN_BLOCK_CAPTURE_AUTORELEASING = YES;
				CLANG_WARN_BOOL_CONVERSION = YES;
				CLANG_WARN_COMMA = YES;
				CLANG_WARN_CONSTANT_CONVERSION = YES;
				CLANG_WARN_DEPRECATED_OBJC_IMPLEMENTATIONS = YES;
				CLANG_WARN_DIRECT_OBJC_ISA_USAGE = YES_ERROR;
				CLANG_WARN_DOCUMENTATION_COMMENTS = YES;
				CLANG_WARN_EMPTY_BODY = YES;
				CLANG_WARN_ENUM_CONVERSION = YES;
				CLANG_WARN_INFINITE_RECURSION = YES;
				CLANG_WARN_INT_CONVERSION = YES;
				CLANG_WARN_NON_LITERAL_NULL_CONVERSION = YES;
				CLANG_WARN_OBJC_IMPLICIT_RETAIN_SELF = YES;
				CLANG_WARN_OBJC_LITERAL_CONVERSION = YES;
				CLANG_WARN_OBJC_ROOT_CLASS = YES_ERROR;
				CLANG_WARN_RANGE_LOOP_ANALYSIS = YES;
				CLANG_WARN_STRICT_PROTOTYPES = YES;
				CLANG_WARN_SUSPICIOUS_MOVE = YES;
				CLANG_WARN_UNGUARDED_AVAILABILITY = YES_AGGRESSIVE;
				CLANG_WARN_UNREACHABLE_CODE = YES;
				CLANG_WARN__DUPLICATE_METHOD_MATCH = YES;
				COPY_PHASE_STRIP = NO;
				DEBUG_INFORMATION_FORMAT = dwarf;
				ENABLE_STRICT_OBJC_MSGSEND = YES;
				ENABLE_TESTABILITY = YES;
				GCC_C_LANGUAGE_STANDARD = gnu11;
				GCC_DYNAMIC_NO_PIC = NO;
				GCC_NO_COMMON_BLOCKS = YES;
				GCC_OPTIMIZATION_LEVEL = 0;
				GCC_PREPROCESSOR_DEFINITIONS = (
					"DEBUG=1",
					"$(inherited)",
				);
				GCC_WARN_64_TO_32_BIT_CONVERSION = YES;
				GCC_WARN_ABOUT_RETURN_TYPE = YES_ERROR;
				GCC_WARN_UNDECLARED_SELECTOR = YES;
				GCC_WARN_UNINITIALIZED_AUTOS = YES_AGGRESSIVE;
				GCC_WARN_UNUSED_FUNCTION = YES;
				GCC_WARN_UNUSED_VARIABLE = YES;
				IPHONEOS_DEPLOYMENT_TARGET = 13.2;
				MTL_ENABLE_DEBUG_INFO = INCLUDE_SOURCE;
				MTL_FAST_MATH = YES;
				ONLY_ACTIVE_ARCH = YES;
				SDKROOT = iphoneos;
				SWIFT_ACTIVE_COMPILATION_CONDITIONS = DEBUG;
				SWIFT_OPTIMIZATION_LEVEL = "-Onone";
			};
			name = Debug;
		};
		A1990CA723A3B094001779F4 /* Release */ = {
			isa = XCBuildConfiguration;
			buildSettings = {
				ALWAYS_SEARCH_USER_PATHS = NO;
				CLANG_ANALYZER_NONNULL = YES;
				CLANG_ANALYZER_NUMBER_OBJECT_CONVERSION = YES_AGGRESSIVE;
				CLANG_CXX_LANGUAGE_STANDARD = "gnu++14";
				CLANG_CXX_LIBRARY = "libc++";
				CLANG_ENABLE_MODULES = YES;
				CLANG_ENABLE_OBJC_ARC = YES;
				CLANG_ENABLE_OBJC_WEAK = YES;
				CLANG_WARN_BLOCK_CAPTURE_AUTORELEASING = YES;
				CLANG_WARN_BOOL_CONVERSION = YES;
				CLANG_WARN_COMMA = YES;
				CLANG_WARN_CONSTANT_CONVERSION = YES;
				CLANG_WARN_DEPRECATED_OBJC_IMPLEMENTATIONS = YES;
				CLANG_WARN_DIRECT_OBJC_ISA_USAGE = YES_ERROR;
				CLANG_WARN_DOCUMENTATION_COMMENTS = YES;
				CLANG_WARN_EMPTY_BODY = YES;
				CLANG_WARN_ENUM_CONVERSION = YES;
				CLANG_WARN_INFINITE_RECURSION = YES;
				CLANG_WARN_INT_CONVERSION = YES;
				CLANG_WARN_NON_LITERAL_NULL_CONVERSION = YES;
				CLANG_WARN_OBJC_IMPLICIT_RETAIN_SELF = YES;
				CLANG_WARN_OBJC_LITERAL_CONVERSION = YES;
				CLANG_WARN_OBJC_ROOT_CLASS = YES_ERROR;
				CLANG_WARN_RANGE_LOOP_ANALYSIS = YES;
				CLANG_WARN_STRICT_PROTOTYPES = YES;
				CLANG_WARN_SUSPICIOUS_MOVE = YES;
				CLANG_WARN_UNGUARDED_AVAILABILITY = YES_AGGRESSIVE;
				CLANG_WARN_UNREACHABLE_CODE = YES;
				CLANG_WARN__DUPLICATE_METHOD_MATCH = YES;
				COPY_PHASE_STRIP = NO;
				DEBUG_INFORMATION_FORMAT = "dwarf-with-dsym";
				ENABLE_NS_ASSERTIONS = NO;
				ENABLE_STRICT_OBJC_MSGSEND = YES;
				GCC_C_LANGUAGE_STANDARD = gnu11;
				GCC_NO_COMMON_BLOCKS = YES;
				GCC_WARN_64_TO_32_BIT_CONVERSION = YES;
				GCC_WARN_ABOUT_RETURN_TYPE = YES_ERROR;
				GCC_WARN_UNDECLARED_SELECTOR = YES;
				GCC_WARN_UNINITIALIZED_AUTOS = YES_AGGRESSIVE;
				GCC_WARN_UNUSED_FUNCTION = YES;
				GCC_WARN_UNUSED_VARIABLE = YES;
				IPHONEOS_DEPLOYMENT_TARGET = 13.2;
				MTL_ENABLE_DEBUG_INFO = NO;
				MTL_FAST_MATH = YES;
				SDKROOT = iphoneos;
				SWIFT_COMPILATION_MODE = wholemodule;
				SWIFT_OPTIMIZATION_LEVEL = "-O";
				VALIDATE_PRODUCT = YES;
			};
			name = Release;
		};
		A1990CA923A3B094001779F4 /* Debug */ = {
			isa = XCBuildConfiguration;
			buildSettings = {
				ASSETCATALOG_COMPILER_APPICON_NAME = AppIcon;
				CODE_SIGN_STYLE = Automatic;
				DEVELOPMENT_TEAM = GKY55PPXT6;
				INFOPLIST_FILE = UIActivityIndicatorViewSwift/Info.plist;
				LD_RUNPATH_SEARCH_PATHS = (
					"$(inherited)",
					"@executable_path/Frameworks",
				);
				PRODUCT_BUNDLE_IDENTIFIER = com.QuentinZang.UIActivityIndicatorViewSwift;
				PRODUCT_NAME = "$(TARGET_NAME)";
				SWIFT_VERSION = 5.0;
				TARGETED_DEVICE_FAMILY = "1,2";
			};
			name = Debug;
		};
		A1990CAA23A3B094001779F4 /* Release */ = {
			isa = XCBuildConfiguration;
			buildSettings = {
				ASSETCATALOG_COMPILER_APPICON_NAME = AppIcon;
				CODE_SIGN_STYLE = Automatic;
				DEVELOPMENT_TEAM = GKY55PPXT6;
				INFOPLIST_FILE = UIActivityIndicatorViewSwift/Info.plist;
				LD_RUNPATH_SEARCH_PATHS = (
					"$(inherited)",
					"@executable_path/Frameworks",
				);
				PRODUCT_BUNDLE_IDENTIFIER = com.QuentinZang.UIActivityIndicatorViewSwift;
				PRODUCT_NAME = "$(TARGET_NAME)";
				SWIFT_VERSION = 5.0;
				TARGETED_DEVICE_FAMILY = "1,2";
			};
			name = Release;
		};
		A1990CAC23A3B094001779F4 /* Debug */ = {
			isa = XCBuildConfiguration;
			buildSettings = {
				ALWAYS_EMBED_SWIFT_STANDARD_LIBRARIES = YES;
				BUNDLE_LOADER = "$(TEST_HOST)";
				CODE_SIGN_STYLE = Automatic;
				DEVELOPMENT_TEAM = GKY55PPXT6;
				INFOPLIST_FILE = UIActivityIndicatorViewSwiftTests/Info.plist;
				IPHONEOS_DEPLOYMENT_TARGET = 13.2;
				LD_RUNPATH_SEARCH_PATHS = (
					"$(inherited)",
					"@executable_path/Frameworks",
					"@loader_path/Frameworks",
				);
				PRODUCT_BUNDLE_IDENTIFIER = com.QuentinZang.UIActivityIndicatorViewSwiftTests;
				PRODUCT_NAME = "$(TARGET_NAME)";
				SWIFT_VERSION = 5.0;
				TARGETED_DEVICE_FAMILY = "1,2";
				TEST_HOST = "$(BUILT_PRODUCTS_DIR)/UIActivityIndicatorViewSwift.app/UIActivityIndicatorViewSwift";
			};
			name = Debug;
		};
		A1990CAD23A3B094001779F4 /* Release */ = {
			isa = XCBuildConfiguration;
			buildSettings = {
				ALWAYS_EMBED_SWIFT_STANDARD_LIBRARIES = YES;
				BUNDLE_LOADER = "$(TEST_HOST)";
				CODE_SIGN_STYLE = Automatic;
				DEVELOPMENT_TEAM = GKY55PPXT6;
				INFOPLIST_FILE = UIActivityIndicatorViewSwiftTests/Info.plist;
				IPHONEOS_DEPLOYMENT_TARGET = 13.2;
				LD_RUNPATH_SEARCH_PATHS = (
					"$(inherited)",
					"@executable_path/Frameworks",
					"@loader_path/Frameworks",
				);
				PRODUCT_BUNDLE_IDENTIFIER = com.QuentinZang.UIActivityIndicatorViewSwiftTests;
				PRODUCT_NAME = "$(TARGET_NAME)";
				SWIFT_VERSION = 5.0;
				TARGETED_DEVICE_FAMILY = "1,2";
				TEST_HOST = "$(BUILT_PRODUCTS_DIR)/UIActivityIndicatorViewSwift.app/UIActivityIndicatorViewSwift";
			};
			name = Release;
		};
		A1990CAF23A3B094001779F4 /* Debug */ = {
			isa = XCBuildConfiguration;
			buildSettings = {
				ALWAYS_EMBED_SWIFT_STANDARD_LIBRARIES = YES;
				CODE_SIGN_STYLE = Automatic;
				DEVELOPMENT_TEAM = GKY55PPXT6;
				INFOPLIST_FILE = UIActivityIndicatorViewSwiftUITests/Info.plist;
				LD_RUNPATH_SEARCH_PATHS = (
					"$(inherited)",
					"@executable_path/Frameworks",
					"@loader_path/Frameworks",
				);
				PRODUCT_BUNDLE_IDENTIFIER = com.QuentinZang.UIActivityIndicatorViewSwiftUITests;
				PRODUCT_NAME = "$(TARGET_NAME)";
				SWIFT_VERSION = 5.0;
				TARGETED_DEVICE_FAMILY = "1,2";
				TEST_TARGET_NAME = UIActivityIndicatorViewSwift;
			};
			name = Debug;
		};
		A1990CB023A3B094001779F4 /* Release */ = {
			isa = XCBuildConfiguration;
			buildSettings = {
				ALWAYS_EMBED_SWIFT_STANDARD_LIBRARIES = YES;
				CODE_SIGN_STYLE = Automatic;
				DEVELOPMENT_TEAM = GKY55PPXT6;
				INFOPLIST_FILE = UIActivityIndicatorViewSwiftUITests/Info.plist;
				LD_RUNPATH_SEARCH_PATHS = (
					"$(inherited)",
					"@executable_path/Frameworks",
					"@loader_path/Frameworks",
				);
				PRODUCT_BUNDLE_IDENTIFIER = com.QuentinZang.UIActivityIndicatorViewSwiftUITests;
				PRODUCT_NAME = "$(TARGET_NAME)";
				SWIFT_VERSION = 5.0;
				TARGETED_DEVICE_FAMILY = "1,2";
				TEST_TARGET_NAME = UIActivityIndicatorViewSwift;
			};
			name = Release;
		};
/* End XCBuildConfiguration section */

/* Begin XCConfigurationList section */
		A1990C7923A3B091001779F4 /* Build configuration list for PBXProject "UIActivityIndicatorViewSwift" */ = {
			isa = XCConfigurationList;
			buildConfigurations = (
				A1990CA623A3B094001779F4 /* Debug */,
				A1990CA723A3B094001779F4 /* Release */,
			);
			defaultConfigurationIsVisible = 0;
			defaultConfigurationName = Release;
		};
		A1990CA823A3B094001779F4 /* Build configuration list for PBXNativeTarget "UIActivityIndicatorViewSwift" */ = {
			isa = XCConfigurationList;
			buildConfigurations = (
				A1990CA923A3B094001779F4 /* Debug */,
				A1990CAA23A3B094001779F4 /* Release */,
			);
			defaultConfigurationIsVisible = 0;
			defaultConfigurationName = Release;
		};
		A1990CAB23A3B094001779F4 /* Build configuration list for PBXNativeTarget "UIActivityIndicatorViewSwiftTests" */ = {
			isa = XCConfigurationList;
			buildConfigurations = (
				A1990CAC23A3B094001779F4 /* Debug */,
				A1990CAD23A3B094001779F4 /* Release */,
			);
			defaultConfigurationIsVisible = 0;
			defaultConfigurationName = Release;
		};
		A1990CAE23A3B094001779F4 /* Build configuration list for PBXNativeTarget "UIActivityIndicatorViewSwiftUITests" */ = {
			isa = XCConfigurationList;
			buildConfigurations = (
				A1990CAF23A3B094001779F4 /* Debug */,
				A1990CB023A3B094001779F4 /* Release */,
			);
			defaultConfigurationIsVisible = 0;
			defaultConfigurationName = Release;
		};
/* End XCConfigurationList section */
	};
	rootObject = A1990C7623A3B091001779F4 /* Project object */;
}
